{
    "_meta": {
        "hash": {
            "sha256": "154f9ddf24bfe2134a1660c1fdf2087e03cdd172d425198536fbb29ca5ddc6e4"
        },
        "pipfile-spec": 6,
        "requires": {
            "python_version": "3.6"
        },
        "sources": [
            {
                "name": "pypi",
                "url": "https://pypi.org/simple",
                "verify_ssl": true
            }
        ]
    },
    "default": {
        "configparser": {
            "hashes": [
                "sha256:8be81d89d6e7b4c0d4e44bcc525845f6da25821de80cb5e06e7e0238a2899e32",
                "sha256:da60d0014fd8c55eb48c1c5354352e363e2d30bbf7057e5e171a468390184c75"
            ],
            "index": "pypi",
            "version": "==3.7.4"
        }
    },
    "develop": {}
}
